// !$*UTF8*$!
{
	archiveVersion = 1;
	classes = {
	};
	objectVersion = 50;
	objects = {

/* Begin PBXBuildFile section */
		2BD96CC4263F2CC200F4BD16 /* AppDelegate.swift in Sources */ = {isa = PBXBuildFile; fileRef = 2BD96CC3263F2CC200F4BD16 /* AppDelegate.swift */; };
		2BD96CC6263F2CC200F4BD16 /* SceneDelegate.swift in Sources */ = {isa = PBXBuildFile; fileRef = 2BD96CC5263F2CC200F4BD16 /* SceneDelegate.swift */; };
		2BD96CC8263F2CC200F4BD16 /* ViewController.swift in Sources */ = {isa = PBXBuildFile; fileRef = 2BD96CC7263F2CC200F4BD16 /* ViewController.swift */; };
		2BD96CCB263F2CC200F4BD16 /* Main.storyboard in Resources */ = {isa = PBXBuildFile; fileRef = 2BD96CC9263F2CC200F4BD16 /* Main.storyboard */; };
		2BD96CCD263F2CC400F4BD16 /* Assets.xcassets in Resources */ = {isa = PBXBuildFile; fileRef = 2BD96CCC263F2CC400F4BD16 /* Assets.xcassets */; };
		2BD96CD0263F2CC400F4BD16 /* LaunchScreen.storyboard in Resources */ = {isa = PBXBuildFile; fileRef = 2BD96CCE263F2CC400F4BD16 /* LaunchScreen.storyboard */; };
		2BD96CDB263F2CC400F4BD16 /* ParstagramTests.swift in Sources */ = {isa = PBXBuildFile; fileRef = 2BD96CDA263F2CC400F4BD16 /* ParstagramTests.swift */; };
		2BD96CE6263F2CC400F4BD16 /* ParstagramUITests.swift in Sources */ = {isa = PBXBuildFile; fileRef = 2BD96CE5263F2CC400F4BD16 /* ParstagramUITests.swift */; };
		41D68ECD6865F44BBF5E375E /* Pods_Parstagram.framework in Frameworks */ = {isa = PBXBuildFile; fileRef = 6BC2539EFAC403E1B31E6883 /* Pods_Parstagram.framework */; };
		B42553FEE94F5E0B69B42456 /* Pods_Parstagram_ParstagramUITests.framework in Frameworks */ = {isa = PBXBuildFile; fileRef = 706B40B7BCC227BC34DBAECF /* Pods_Parstagram_ParstagramUITests.framework */; };
		B44DA5A742E36E3D60322E4A /* Pods_ParstagramTests.framework in Frameworks */ = {isa = PBXBuildFile; fileRef = E1658859395897DE0113BF14 /* Pods_ParstagramTests.framework */; };
/* End PBXBuildFile section */

/* Begin PBXContainerItemProxy section */
		2BD96CD7263F2CC400F4BD16 /* PBXContainerItemProxy */ = {
			isa = PBXContainerItemProxy;
			containerPortal = 2BD96CB8263F2CC200F4BD16 /* Project object */;
			proxyType = 1;
			remoteGlobalIDString = 2BD96CBF263F2CC200F4BD16;
			remoteInfo = Parstagram;
		};
		2BD96CE2263F2CC400F4BD16 /* PBXContainerItemProxy */ = {
			isa = PBXContainerItemProxy;
			containerPortal = 2BD96CB8263F2CC200F4BD16 /* Project object */;
			proxyType = 1;
			remoteGlobalIDString = 2BD96CBF263F2CC200F4BD16;
			remoteInfo = Parstagram;
		};
/* End PBXContainerItemProxy section */

/* Begin PBXFileReference section */
		2BD96CC0263F2CC200F4BD16 /* Parstagram.app */ = {isa = PBXFileReference; explicitFileType = wrapper.application; includeInIndex = 0; path = Parstagram.app; sourceTree = BUILT_PRODUCTS_DIR; };
		2BD96CC3263F2CC200F4BD16 /* AppDelegate.swift */ = {isa = PBXFileReference; lastKnownFileType = sourcecode.swift; path = AppDelegate.swift; sourceTree = "<group>"; };
		2BD96CC5263F2CC200F4BD16 /* SceneDelegate.swift */ = {isa = PBXFileReference; lastKnownFileType = sourcecode.swift; path = SceneDelegate.swift; sourceTree = "<group>"; };
		2BD96CC7263F2CC200F4BD16 /* ViewController.swift */ = {isa = PBXFileReference; lastKnownFileType = sourcecode.swift; path = ViewController.swift; sourceTree = "<group>"; };
		2BD96CCA263F2CC200F4BD16 /* Base */ = {isa = PBXFileReference; lastKnownFileType = file.storyboard; name = Base; path = Base.lproj/Main.storyboard; sourceTree = "<group>"; };
		2BD96CCC263F2CC400F4BD16 /* Assets.xcassets */ = {isa = PBXFileReference; lastKnownFileType = folder.assetcatalog; path = Assets.xcassets; sourceTree = "<group>"; };
		2BD96CCF263F2CC400F4BD16 /* Base */ = {isa = PBXFileReference; lastKnownFileType = file.storyboard; name = Base; path = Base.lproj/LaunchScreen.storyboard; sourceTree = "<group>"; };
		2BD96CD1263F2CC400F4BD16 /* Info.plist */ = {isa = PBXFileReference; lastKnownFileType = text.plist.xml; path = Info.plist; sourceTree = "<group>"; };
		2BD96CD6263F2CC400F4BD16 /* ParstagramTests.xctest */ = {isa = PBXFileReference; explicitFileType = wrapper.cfbundle; includeInIndex = 0; path = ParstagramTests.xctest; sourceTree = BUILT_PRODUCTS_DIR; };
		2BD96CDA263F2CC400F4BD16 /* ParstagramTests.swift */ = {isa = PBXFileReference; lastKnownFileType = sourcecode.swift; path = ParstagramTests.swift; sourceTree = "<group>"; };
		2BD96CDC263F2CC400F4BD16 /* Info.plist */ = {isa = PBXFileReference; lastKnownFileType = text.plist.xml; path = Info.plist; sourceTree = "<group>"; };
		2BD96CE1263F2CC400F4BD16 /* ParstagramUITests.xctest */ = {isa = PBXFileReference; explicitFileType = wrapper.cfbundle; includeInIndex = 0; path = ParstagramUITests.xctest; sourceTree = BUILT_PRODUCTS_DIR; };
		2BD96CE5263F2CC400F4BD16 /* ParstagramUITests.swift */ = {isa = PBXFileReference; lastKnownFileType = sourcecode.swift; path = ParstagramUITests.swift; sourceTree = "<group>"; };
		2BD96CE7263F2CC400F4BD16 /* Info.plist */ = {isa = PBXFileReference; lastKnownFileType = text.plist.xml; path = Info.plist; sourceTree = "<group>"; };
		2FB0B80FBFB9C8FFA49D82D0 /* Pods-Parstagram-ParstagramUITests.release.xcconfig */ = {isa = PBXFileReference; includeInIndex = 1; lastKnownFileType = text.xcconfig; name = "Pods-Parstagram-ParstagramUITests.release.xcconfig"; path = "Target Support Files/Pods-Parstagram-ParstagramUITests/Pods-Parstagram-ParstagramUITests.release.xcconfig"; sourceTree = "<group>"; };
		6BC2539EFAC403E1B31E6883 /* Pods_Parstagram.framework */ = {isa = PBXFileReference; explicitFileType = wrapper.framework; includeInIndex = 0; path = Pods_Parstagram.framework; sourceTree = BUILT_PRODUCTS_DIR; };
		706B40B7BCC227BC34DBAECF /* Pods_Parstagram_ParstagramUITests.framework */ = {isa = PBXFileReference; explicitFileType = wrapper.framework; includeInIndex = 0; path = Pods_Parstagram_ParstagramUITests.framework; sourceTree = BUILT_PRODUCTS_DIR; };
		91510FD15AAF87DD2D010E04 /* Pods-Parstagram-ParstagramUITests.debug.xcconfig */ = {isa = PBXFileReference; includeInIndex = 1; lastKnownFileType = text.xcconfig; name = "Pods-Parstagram-ParstagramUITests.debug.xcconfig"; path = "Target Support Files/Pods-Parstagram-ParstagramUITests/Pods-Parstagram-ParstagramUITests.debug.xcconfig"; sourceTree = "<group>"; };
		A1ED087E7692461E5051E97E /* Pods-Parstagram.debug.xcconfig */ = {isa = PBXFileReference; includeInIndex = 1; lastKnownFileType = text.xcconfig; name = "Pods-Parstagram.debug.xcconfig"; path = "Target Support Files/Pods-Parstagram/Pods-Parstagram.debug.xcconfig"; sourceTree = "<group>"; };
		B9D2BB9BEAD5FBA5764D0845 /* Pods-Parstagram.release.xcconfig */ = {isa = PBXFileReference; includeInIndex = 1; lastKnownFileType = text.xcconfig; name = "Pods-Parstagram.release.xcconfig"; path = "Target Support Files/Pods-Parstagram/Pods-Parstagram.release.xcconfig"; sourceTree = "<group>"; };
		C5CBDB3D300AAE304C16A542 /* Pods-ParstagramTests.debug.xcconfig */ = {isa = PBXFileReference; includeInIndex = 1; lastKnownFileType = text.xcconfig; name = "Pods-ParstagramTests.debug.xcconfig"; path = "Target Support Files/Pods-ParstagramTests/Pods-ParstagramTests.debug.xcconfig"; sourceTree = "<group>"; };
		E1658859395897DE0113BF14 /* Pods_ParstagramTests.framework */ = {isa = PBXFileReference; explicitFileType = wrapper.framework; includeInIndex = 0; path = Pods_ParstagramTests.framework; sourceTree = BUILT_PRODUCTS_DIR; };
		F5A866F119DD44D1A9A77530 /* Pods-ParstagramTests.release.xcconfig */ = {isa = PBXFileReference; includeInIndex = 1; lastKnownFileType = text.xcconfig; name = "Pods-ParstagramTests.release.xcconfig"; path = "Target Support Files/Pods-ParstagramTests/Pods-ParstagramTests.release.xcconfig"; sourceTree = "<group>"; };
/* End PBXFileReference section */

/* Begin PBXFrameworksBuildPhase section */
		2BD96CBD263F2CC200F4BD16 /* Frameworks */ = {
			isa = PBXFrameworksBuildPhase;
			buildActionMask = 2147483647;
			files = (
				41D68ECD6865F44BBF5E375E /* Pods_Parstagram.framework in Frameworks */,
			);
			runOnlyForDeploymentPostprocessing = 0;
		};
		2BD96CD3263F2CC400F4BD16 /* Frameworks */ = {
			isa = PBXFrameworksBuildPhase;
			buildActionMask = 2147483647;
			files = (
				B44DA5A742E36E3D60322E4A /* Pods_ParstagramTests.framework in Frameworks */,
			);
			runOnlyForDeploymentPostprocessing = 0;
		};
		2BD96CDE263F2CC400F4BD16 /* Frameworks */ = {
			isa = PBXFrameworksBuildPhase;
			buildActionMask = 2147483647;
			files = (
				B42553FEE94F5E0B69B42456 /* Pods_Parstagram_ParstagramUITests.framework in Frameworks */,
			);
			runOnlyForDeploymentPostprocessing = 0;
		};
/* End PBXFrameworksBuildPhase section */

/* Begin PBXGroup section */
		2BD96CB7263F2CC200F4BD16 = {
			isa = PBXGroup;
			children = (
				2BD96CC2263F2CC200F4BD16 /* Parstagram */,
				2BD96CD9263F2CC400F4BD16 /* ParstagramTests */,
				2BD96CE4263F2CC400F4BD16 /* ParstagramUITests */,
				2BD96CC1263F2CC200F4BD16 /* Products */,
				AF99A3B4D7AAFF20A6D8442A /* Pods */,
				9D40EF1057FB262A0396E13F /* Frameworks */,
			);
			sourceTree = "<group>";
		};
		2BD96CC1263F2CC200F4BD16 /* Products */ = {
			isa = PBXGroup;
			children = (
				2BD96CC0263F2CC200F4BD16 /* Parstagram.app */,
				2BD96CD6263F2CC400F4BD16 /* ParstagramTests.xctest */,
				2BD96CE1263F2CC400F4BD16 /* ParstagramUITests.xctest */,
			);
			name = Products;
			sourceTree = "<group>";
		};
		2BD96CC2263F2CC200F4BD16 /* Parstagram */ = {
			isa = PBXGroup;
			children = (
				2BD96CC3263F2CC200F4BD16 /* AppDelegate.swift */,
				2BD96CC5263F2CC200F4BD16 /* SceneDelegate.swift */,
				2BD96CC7263F2CC200F4BD16 /* ViewController.swift */,
				2BD96CC9263F2CC200F4BD16 /* Main.storyboard */,
				2BD96CCC263F2CC400F4BD16 /* Assets.xcassets */,
				2BD96CCE263F2CC400F4BD16 /* LaunchScreen.storyboard */,
				2BD96CD1263F2CC400F4BD16 /* Info.plist */,
			);
			path = Parstagram;
			sourceTree = "<group>";
		};
		2BD96CD9263F2CC400F4BD16 /* ParstagramTests */ = {
			isa = PBXGroup;
			children = (
				2BD96CDA263F2CC400F4BD16 /* ParstagramTests.swift */,
				2BD96CDC263F2CC400F4BD16 /* Info.plist */,
			);
			path = ParstagramTests;
			sourceTree = "<group>";
		};
		2BD96CE4263F2CC400F4BD16 /* ParstagramUITests */ = {
			isa = PBXGroup;
			children = (
				2BD96CE5263F2CC400F4BD16 /* ParstagramUITests.swift */,
				2BD96CE7263F2CC400F4BD16 /* Info.plist */,
			);
			path = ParstagramUITests;
			sourceTree = "<group>";
		};
		9D40EF1057FB262A0396E13F /* Frameworks */ = {
			isa = PBXGroup;
			children = (
				6BC2539EFAC403E1B31E6883 /* Pods_Parstagram.framework */,
				706B40B7BCC227BC34DBAECF /* Pods_Parstagram_ParstagramUITests.framework */,
				E1658859395897DE0113BF14 /* Pods_ParstagramTests.framework */,
			);
			name = Frameworks;
			sourceTree = "<group>";
		};
		AF99A3B4D7AAFF20A6D8442A /* Pods */ = {
			isa = PBXGroup;
			children = (
				A1ED087E7692461E5051E97E /* Pods-Parstagram.debug.xcconfig */,
				B9D2BB9BEAD5FBA5764D0845 /* Pods-Parstagram.release.xcconfig */,
				91510FD15AAF87DD2D010E04 /* Pods-Parstagram-ParstagramUITests.debug.xcconfig */,
				2FB0B80FBFB9C8FFA49D82D0 /* Pods-Parstagram-ParstagramUITests.release.xcconfig */,
				C5CBDB3D300AAE304C16A542 /* Pods-ParstagramTests.debug.xcconfig */,
				F5A866F119DD44D1A9A77530 /* Pods-ParstagramTests.release.xcconfig */,
			);
			name = Pods;
			path = Pods;
			sourceTree = "<group>";
		};
/* End PBXGroup section */

/* Begin PBXNativeTarget section */
		2BD96CBF263F2CC200F4BD16 /* Parstagram */ = {
			isa = PBXNativeTarget;
			buildConfigurationList = 2BD96CEA263F2CC400F4BD16 /* Build configuration list for PBXNativeTarget "Parstagram" */;
			buildPhases = (
				F98B56DBB7BFEC94DF89101E /* [CP] Check Pods Manifest.lock */,
				2BD96CBC263F2CC200F4BD16 /* Sources */,
				2BD96CBD263F2CC200F4BD16 /* Frameworks */,
				2BD96CBE263F2CC200F4BD16 /* Resources */,
				AD2BE2DCA9358FC37BE79ED5 /* [CP] Embed Pods Frameworks */,
			);
			buildRules = (
			);
			dependencies = (
			);
			name = Parstagram;
			productName = Parstagram;
			productReference = 2BD96CC0263F2CC200F4BD16 /* Parstagram.app */;
			productType = "com.apple.product-type.application";
		};
		2BD96CD5263F2CC400F4BD16 /* ParstagramTests */ = {
			isa = PBXNativeTarget;
			buildConfigurationList = 2BD96CED263F2CC400F4BD16 /* Build configuration list for PBXNativeTarget "ParstagramTests" */;
			buildPhases = (
				F38CBDD3B401CF68FC785F6E /* [CP] Check Pods Manifest.lock */,
				2BD96CD2263F2CC400F4BD16 /* Sources */,
				2BD96CD3263F2CC400F4BD16 /* Frameworks */,
				2BD96CD4263F2CC400F4BD16 /* Resources */,
			);
			buildRules = (
			);
			dependencies = (
				2BD96CD8263F2CC400F4BD16 /* PBXTargetDependency */,
			);
			name = ParstagramTests;
			productName = ParstagramTests;
			productReference = 2BD96CD6263F2CC400F4BD16 /* ParstagramTests.xctest */;
			productType = "com.apple.product-type.bundle.unit-test";
		};
		2BD96CE0263F2CC400F4BD16 /* ParstagramUITests */ = {
			isa = PBXNativeTarget;
			buildConfigurationList = 2BD96CF0263F2CC400F4BD16 /* Build configuration list for PBXNativeTarget "ParstagramUITests" */;
			buildPhases = (
				112410542FA384C8F7CB4876 /* [CP] Check Pods Manifest.lock */,
				2BD96CDD263F2CC400F4BD16 /* Sources */,
				2BD96CDE263F2CC400F4BD16 /* Frameworks */,
				2BD96CDF263F2CC400F4BD16 /* Resources */,
				BCE691F1F58752A7BD75DA05 /* [CP] Embed Pods Frameworks */,
			);
			buildRules = (
			);
			dependencies = (
				2BD96CE3263F2CC400F4BD16 /* PBXTargetDependency */,
			);
			name = ParstagramUITests;
			productName = ParstagramUITests;
			productReference = 2BD96CE1263F2CC400F4BD16 /* ParstagramUITests.xctest */;
			productType = "com.apple.product-type.bundle.ui-testing";
		};
/* End PBXNativeTarget section */

/* Begin PBXProject section */
		2BD96CB8263F2CC200F4BD16 /* Project object */ = {
			isa = PBXProject;
			attributes = {
				LastSwiftUpdateCheck = 1250;
				LastUpgradeCheck = 1250;
				TargetAttributes = {
					2BD96CBF263F2CC200F4BD16 = {
						CreatedOnToolsVersion = 12.5;
					};
					2BD96CD5263F2CC400F4BD16 = {
						CreatedOnToolsVersion = 12.5;
						TestTargetID = 2BD96CBF263F2CC200F4BD16;
					};
					2BD96CE0263F2CC400F4BD16 = {
						CreatedOnToolsVersion = 12.5;
						TestTargetID = 2BD96CBF263F2CC200F4BD16;
					};
				};
			};
			buildConfigurationList = 2BD96CBB263F2CC200F4BD16 /* Build configuration list for PBXProject "Parstagram" */;
			compatibilityVersion = "Xcode 9.3";
			developmentRegion = en;
			hasScannedForEncodings = 0;
			knownRegions = (
				en,
				Base,
			);
			mainGroup = 2BD96CB7263F2CC200F4BD16;
			productRefGroup = 2BD96CC1263F2CC200F4BD16 /* Products */;
			projectDirPath = "";
			projectRoot = "";
			targets = (
				2BD96CBF263F2CC200F4BD16 /* Parstagram */,
				2BD96CD5263F2CC400F4BD16 /* ParstagramTests */,
				2BD96CE0263F2CC400F4BD16 /* ParstagramUITests */,
			);
		};
/* End PBXProject section */

/* Begin PBXResourcesBuildPhase section */
		2BD96CBE263F2CC200F4BD16 /* Resources */ = {
			isa = PBXResourcesBuildPhase;
			buildActionMask = 2147483647;
			files = (
				2BD96CD0263F2CC400F4BD16 /* LaunchScreen.storyboard in Resources */,
				2BD96CCD263F2CC400F4BD16 /* Assets.xcassets in Resources */,
				2BD96CCB263F2CC200F4BD16 /* Main.storyboard in Resources */,
			);
			runOnlyForDeploymentPostprocessing = 0;
		};
		2BD96CD4263F2CC400F4BD16 /* Resources */ = {
			isa = PBXResourcesBuildPhase;
			buildActionMask = 2147483647;
			files = (
			);
			runOnlyForDeploymentPostprocessing = 0;
		};
		2BD96CDF263F2CC400F4BD16 /* Resources */ = {
			isa = PBXResourcesBuildPhase;
			buildActionMask = 2147483647;
			files = (
			);
			runOnlyForDeploymentPostprocessing = 0;
		};
/* End PBXResourcesBuildPhase section */

/* Begin PBXShellScriptBuildPhase section */
		112410542FA384C8F7CB4876 /* [CP] Check Pods Manifest.lock */ = {
			isa = PBXShellScriptBuildPhase;
			buildActionMask = 2147483647;
			files = (
			);
			inputFileListPaths = (
			);
			inputPaths = (
				"${PODS_PODFILE_DIR_PATH}/Podfile.lock",
				"${PODS_ROOT}/Manifest.lock",
			);
			name = "[CP] Check Pods Manifest.lock";
			outputFileListPaths = (
			);
			outputPaths = (
				"$(DERIVED_FILE_DIR)/Pods-Parstagram-ParstagramUITests-checkManifestLockResult.txt",
			);
			runOnlyForDeploymentPostprocessing = 0;
			shellPath = /bin/sh;
			shellScript = "diff \"${PODS_PODFILE_DIR_PATH}/Podfile.lock\" \"${PODS_ROOT}/Manifest.lock\" > /dev/null\nif [ $? != 0 ] ; then\n    # print error to STDERR\n    echo \"error: The sandbox is not in sync with the Podfile.lock. Run 'pod install' or update your CocoaPods installation.\" >&2\n    exit 1\nfi\n# This output is used by Xcode 'outputs' to avoid re-running this script phase.\necho \"SUCCESS\" > \"${SCRIPT_OUTPUT_FILE_0}\"\n";
			showEnvVarsInLog = 0;
		};
		AD2BE2DCA9358FC37BE79ED5 /* [CP] Embed Pods Frameworks */ = {
			isa = PBXShellScriptBuildPhase;
			buildActionMask = 2147483647;
			files = (
			);
			inputFileListPaths = (
				"${PODS_ROOT}/Target Support Files/Pods-Parstagram/Pods-Parstagram-frameworks-${CONFIGURATION}-input-files.xcfilelist",
			);
			name = "[CP] Embed Pods Frameworks";
			outputFileListPaths = (
				"${PODS_ROOT}/Target Support Files/Pods-Parstagram/Pods-Parstagram-frameworks-${CONFIGURATION}-output-files.xcfilelist",
			);
			runOnlyForDeploymentPostprocessing = 0;
			shellPath = /bin/sh;
			shellScript = "\"${PODS_ROOT}/Target Support Files/Pods-Parstagram/Pods-Parstagram-frameworks.sh\"\n";
			showEnvVarsInLog = 0;
		};
		BCE691F1F58752A7BD75DA05 /* [CP] Embed Pods Frameworks */ = {
			isa = PBXShellScriptBuildPhase;
			buildActionMask = 2147483647;
			files = (
			);
			inputFileListPaths = (
				"${PODS_ROOT}/Target Support Files/Pods-Parstagram-ParstagramUITests/Pods-Parstagram-ParstagramUITests-frameworks-${CONFIGURATION}-input-files.xcfilelist",
			);
			name = "[CP] Embed Pods Frameworks";
			outputFileListPaths = (
				"${PODS_ROOT}/Target Support Files/Pods-Parstagram-ParstagramUITests/Pods-Parstagram-ParstagramUITests-frameworks-${CONFIGURATION}-output-files.xcfilelist",
			);
			runOnlyForDeploymentPostprocessing = 0;
			shellPath = /bin/sh;
			shellScript = "\"${PODS_ROOT}/Target Support Files/Pods-Parstagram-ParstagramUITests/Pods-Parstagram-ParstagramUITests-frameworks.sh\"\n";
			showEnvVarsInLog = 0;
		};
		F38CBDD3B401CF68FC785F6E /* [CP] Check Pods Manifest.lock */ = {
			isa = PBXShellScriptBuildPhase;
			buildActionMask = 2147483647;
			files = (
			);
			inputFileListPaths = (
			);
			inputPaths = (
				"${PODS_PODFILE_DIR_PATH}/Podfile.lock",
				"${PODS_ROOT}/Manifest.lock",
			);
			name = "[CP] Check Pods Manifest.lock";
			outputFileListPaths = (
			);
			outputPaths = (
				"$(DERIVED_FILE_DIR)/Pods-ParstagramTests-checkManifestLockResult.txt",
			);
			runOnlyForDeploymentPostprocessing = 0;
			shellPath = /bin/sh;
			shellScript = "diff \"${PODS_PODFILE_DIR_PATH}/Podfile.lock\" \"${PODS_ROOT}/Manifest.lock\" > /dev/null\nif [ $? != 0 ] ; then\n    # print error to STDERR\n    echo \"error: The sandbox is not in sync with the Podfile.lock. Run 'pod install' or update your CocoaPods installation.\" >&2\n    exit 1\nfi\n# This output is used by Xcode 'outputs' to avoid re-running this script phase.\necho \"SUCCESS\" > \"${SCRIPT_OUTPUT_FILE_0}\"\n";
			showEnvVarsInLog = 0;
		};
		F98B56DBB7BFEC94DF89101E /* [CP] Check Pods Manifest.lock */ = {
			isa = PBXShellScriptBuildPhase;
			buildActionMask = 2147483647;
			files = (
			);
			inputFileListPaths = (
			);
			inputPaths = (
				"${PODS_PODFILE_DIR_PATH}/Podfile.lock",
				"${PODS_ROOT}/Manifest.lock",
			);
			name = "[CP] Check Pods Manifest.lock";
			outputFileListPaths = (
			);
			outputPaths = (
				"$(DERIVED_FILE_DIR)/Pods-Parstagram-checkManifestLockResult.txt",
			);
			runOnlyForDeploymentPostprocessing = 0;
			shellPath = /bin/sh;
			shellScript = "diff \"${PODS_PODFILE_DIR_PATH}/Podfile.lock\" \"${PODS_ROOT}/Manifest.lock\" > /dev/null\nif [ $? != 0 ] ; then\n    # print error to STDERR\n    echo \"error: The sandbox is not in sync with the Podfile.lock. Run 'pod install' or update your CocoaPods installation.\" >&2\n    exit 1\nfi\n# This output is used by Xcode 'outputs' to avoid re-running this script phase.\necho \"SUCCESS\" > \"${SCRIPT_OUTPUT_FILE_0}\"\n";
			showEnvVarsInLog = 0;
		};
/* End PBXShellScriptBuildPhase section */

/* Begin PBXSourcesBuildPhase section */
		2BD96CBC263F2CC200F4BD16 /* Sources */ = {
			isa = PBXSourcesBuildPhase;
			buildActionMask = 2147483647;
			files = (
				2BD96CC8263F2CC200F4BD16 /* ViewController.swift in Sources */,
				2BD96CC4263F2CC200F4BD16 /* AppDelegate.swift in Sources */,
				2BD96CC6263F2CC200F4BD16 /* SceneDelegate.swift in Sources */,
			);
			runOnlyForDeploymentPostprocessing = 0;
		};
		2BD96CD2263F2CC400F4BD16 /* Sources */ = {
			isa = PBXSourcesBuildPhase;
			buildActionMask = 2147483647;
			files = (
				2BD96CDB263F2CC400F4BD16 /* ParstagramTests.swift in Sources */,
			);
			runOnlyForDeploymentPostprocessing = 0;
		};
		2BD96CDD263F2CC400F4BD16 /* Sources */ = {
			isa = PBXSourcesBuildPhase;
			buildActionMask = 2147483647;
			files = (
				2BD96CE6263F2CC400F4BD16 /* ParstagramUITests.swift in Sources */,
			);
			runOnlyForDeploymentPostprocessing = 0;
		};
/* End PBXSourcesBuildPhase section */

/* Begin PBXTargetDependency section */
		2BD96CD8263F2CC400F4BD16 /* PBXTargetDependency */ = {
			isa = PBXTargetDependency;
			target = 2BD96CBF263F2CC200F4BD16 /* Parstagram */;
			targetProxy = 2BD96CD7263F2CC400F4BD16 /* PBXContainerItemProxy */;
		};
		2BD96CE3263F2CC400F4BD16 /* PBXTargetDependency */ = {
			isa = PBXTargetDependency;
			target = 2BD96CBF263F2CC200F4BD16 /* Parstagram */;
			targetProxy = 2BD96CE2263F2CC400F4BD16 /* PBXContainerItemProxy */;
		};
/* End PBXTargetDependency section */

/* Begin PBXVariantGroup section */
		2BD96CC9263F2CC200F4BD16 /* Main.storyboard */ = {
			isa = PBXVariantGroup;
			children = (
				2BD96CCA263F2CC200F4BD16 /* Base */,
			);
			name = Main.storyboard;
			sourceTree = "<group>";
		};
		2BD96CCE263F2CC400F4BD16 /* LaunchScreen.storyboard */ = {
			isa = PBXVariantGroup;
			children = (
				2BD96CCF263F2CC400F4BD16 /* Base */,
			);
			name = LaunchScreen.storyboard;
			sourceTree = "<group>";
		};
/* End PBXVariantGroup section */

/* Begin XCBuildConfiguration section */
		2BD96CE8263F2CC400F4BD16 /* Debug */ = {
			isa = XCBuildConfiguration;
			buildSettings = {
				ALWAYS_SEARCH_USER_PATHS = NO;
				CLANG_ANALYZER_NONNULL = YES;
				CLANG_ANALYZER_NUMBER_OBJECT_CONVERSION = YES_AGGRESSIVE;
				CLANG_CXX_LANGUAGE_STANDARD = "gnu++14";
				CLANG_CXX_LIBRARY = "libc++";
				CLANG_ENABLE_MODULES = YES;
				CLANG_ENABLE_OBJC_ARC = YES;
				CLANG_ENABLE_OBJC_WEAK = YES;
				CLANG_WARN_BLOCK_CAPTURE_AUTORELEASING = YES;
				CLANG_WARN_BOOL_CONVERSION = YES;
				CLANG_WARN_COMMA = YES;
				CLANG_WARN_CONSTANT_CONVERSION = YES;
				CLANG_WARN_DEPRECATED_OBJC_IMPLEMENTATIONS = YES;
				CLANG_WARN_DIRECT_OBJC_ISA_USAGE = YES_ERROR;
				CLANG_WARN_DOCUMENTATION_COMMENTS = YES;
				CLANG_WARN_EMPTY_BODY = YES;
				CLANG_WARN_ENUM_CONVERSION = YES;
				CLANG_WARN_INFINITE_RECURSION = YES;
				CLANG_WARN_INT_CONVERSION = YES;
				CLANG_WARN_NON_LITERAL_NULL_CONVERSION = YES;
				CLANG_WARN_OBJC_IMPLICIT_RETAIN_SELF = YES;
				CLANG_WARN_OBJC_LITERAL_CONVERSION = YES;
				CLANG_WARN_OBJC_ROOT_CLASS = YES_ERROR;
				CLANG_WARN_QUOTED_INCLUDE_IN_FRAMEWORK_HEADER = YES;
				CLANG_WARN_RANGE_LOOP_ANALYSIS = YES;
				CLANG_WARN_STRICT_PROTOTYPES = YES;
				CLANG_WARN_SUSPICIOUS_MOVE = YES;
				CLANG_WARN_UNGUARDED_AVAILABILITY = YES_AGGRESSIVE;
				CLANG_WARN_UNREACHABLE_CODE = YES;
				CLANG_WARN__DUPLICATE_METHOD_MATCH = YES;
				COPY_PHASE_STRIP = NO;
				DEBUG_INFORMATION_FORMAT = dwarf;
				ENABLE_STRICT_OBJC_MSGSEND = YES;
				ENABLE_TESTABILITY = YES;
				GCC_C_LANGUAGE_STANDARD = gnu11;
				GCC_DYNAMIC_NO_PIC = NO;
				GCC_NO_COMMON_BLOCKS = YES;
				GCC_OPTIMIZATION_LEVEL = 0;
				GCC_PREPROCESSOR_DEFINITIONS = (
					"DEBUG=1",
					"$(inherited)",
				);
				GCC_WARN_64_TO_32_BIT_CONVERSION = YES;
				GCC_WARN_ABOUT_RETURN_TYPE = YES_ERROR;
				GCC_WARN_UNDECLARED_SELECTOR = YES;
				GCC_WARN_UNINITIALIZED_AUTOS = YES_AGGRESSIVE;
				GCC_WARN_UNUSED_FUNCTION = YES;
				GCC_WARN_UNUSED_VARIABLE = YES;
				IPHONEOS_DEPLOYMENT_TARGET = 14.5;
				MTL_ENABLE_DEBUG_INFO = INCLUDE_SOURCE;
				MTL_FAST_MATH = YES;
				ONLY_ACTIVE_ARCH = YES;
				SDKROOT = iphoneos;
				SWIFT_ACTIVE_COMPILATION_CONDITIONS = DEBUG;
				SWIFT_OPTIMIZATION_LEVEL = "-Onone";
			};
			name = Debug;
		};
		2BD96CE9263F2CC400F4BD16 /* Release */ = {
			isa = XCBuildConfiguration;
			buildSettings = {
				ALWAYS_SEARCH_USER_PATHS = NO;
				CLANG_ANALYZER_NONNULL = YES;
				CLANG_ANALYZER_NUMBER_OBJECT_CONVERSION = YES_AGGRESSIVE;
				CLANG_CXX_LANGUAGE_STANDARD = "gnu++14";
				CLANG_CXX_LIBRARY = "libc++";
				CLANG_ENABLE_MODULES = YES;
				CLANG_ENABLE_OBJC_ARC = YES;
				CLANG_ENABLE_OBJC_WEAK = YES;
				CLANG_WARN_BLOCK_CAPTURE_AUTORELEASING = YES;
				CLANG_WARN_BOOL_CONVERSION = YES;
				CLANG_WARN_COMMA = YES;
				CLANG_WARN_CONSTANT_CONVERSION = YES;
				CLANG_WARN_DEPRECATED_OBJC_IMPLEMENTATIONS = YES;
				CLANG_WARN_DIRECT_OBJC_ISA_USAGE = YES_ERROR;
				CLANG_WARN_DOCUMENTATION_COMMENTS = YES;
				CLANG_WARN_EMPTY_BODY = YES;
				CLANG_WARN_ENUM_CONVERSION = YES;
				CLANG_WARN_INFINITE_RECURSION = YES;
				CLANG_WARN_INT_CONVERSION = YES;
				CLANG_WARN_NON_LITERAL_NULL_CONVERSION = YES;
				CLANG_WARN_OBJC_IMPLICIT_RETAIN_SELF = YES;
				CLANG_WARN_OBJC_LITERAL_CONVERSION = YES;
				CLANG_WARN_OBJC_ROOT_CLASS = YES_ERROR;
				CLANG_WARN_QUOTED_INCLUDE_IN_FRAMEWORK_HEADER = YES;
				CLANG_WARN_RANGE_LOOP_ANALYSIS = YES;
				CLANG_WARN_STRICT_PROTOTYPES = YES;
				CLANG_WARN_SUSPICIOUS_MOVE = YES;
				CLANG_WARN_UNGUARDED_AVAILABILITY = YES_AGGRESSIVE;
				CLANG_WARN_UNREACHABLE_CODE = YES;
				CLANG_WARN__DUPLICATE_METHOD_MATCH = YES;
				COPY_PHASE_STRIP = NO;
				DEBUG_INFORMATION_FORMAT = "dwarf-with-dsym";
				ENABLE_NS_ASSERTIONS = NO;
				ENABLE_STRICT_OBJC_MSGSEND = YES;
				GCC_C_LANGUAGE_STANDARD = gnu11;
				GCC_NO_COMMON_BLOCKS = YES;
				GCC_WARN_64_TO_32_BIT_CONVERSION = YES;
				GCC_WARN_ABOUT_RETURN_TYPE = YES_ERROR;
				GCC_WARN_UNDECLARED_SELECTOR = YES;
				GCC_WARN_UNINITIALIZED_AUTOS = YES_AGGRESSIVE;
				GCC_WARN_UNUSED_FUNCTION = YES;
				GCC_WARN_UNUSED_VARIABLE = YES;
				IPHONEOS_DEPLOYMENT_TARGET = 14.5;
				MTL_ENABLE_DEBUG_INFO = NO;
				MTL_FAST_MATH = YES;
				SDKROOT = iphoneos;
				SWIFT_COMPILATION_MODE = wholemodule;
				SWIFT_OPTIMIZATION_LEVEL = "-O";
				VALIDATE_PRODUCT = YES;
			};
			name = Release;
		};
		2BD96CEB263F2CC400F4BD16 /* Debug */ = {
			isa = XCBuildConfiguration;
			baseConfigurationReference = A1ED087E7692461E5051E97E /* Pods-Parstagram.debug.xcconfig */;
			buildSettings = {
				ASSETCATALOG_COMPILER_APPICON_NAME = AppIcon;
				ASSETCATALOG_COMPILER_GLOBAL_ACCENT_COLOR_NAME = AccentColor;
				CODE_SIGN_STYLE = Automatic;
				INFOPLIST_FILE = Parstagram/Info.plist;
				LD_RUNPATH_SEARCH_PATHS = (
					"$(inherited)",
					"@executable_path/Frameworks",
				);
				PRODUCT_BUNDLE_IDENTIFIER = circle.Parstagram;
				PRODUCT_NAME = "$(TARGET_NAME)";
				SWIFT_VERSION = 5.0;
				TARGETED_DEVICE_FAMILY = "1,2";
			};
			name = Debug;
		};
		2BD96CEC263F2CC400F4BD16 /* Release */ = {
			isa = XCBuildConfiguration;
			baseConfigurationReference = B9D2BB9BEAD5FBA5764D0845 /* Pods-Parstagram.release.xcconfig */;
			buildSettings = {
				ASSETCATALOG_COMPILER_APPICON_NAME = AppIcon;
				ASSETCATALOG_COMPILER_GLOBAL_ACCENT_COLOR_NAME = AccentColor;
				CODE_SIGN_STYLE = Automatic;
				INFOPLIST_FILE = Parstagram/Info.plist;
				LD_RUNPATH_SEARCH_PATHS = (
					"$(inherited)",
					"@executable_path/Frameworks",
				);
				PRODUCT_BUNDLE_IDENTIFIER = circle.Parstagram;
				PRODUCT_NAME = "$(TARGET_NAME)";
				SWIFT_VERSION = 5.0;
				TARGETED_DEVICE_FAMILY = "1,2";
			};
			name = Release;
		};
		2BD96CEE263F2CC400F4BD16 /* Debug */ = {
			isa = XCBuildConfiguration;
			baseConfigurationReference = C5CBDB3D300AAE304C16A542 /* Pods-ParstagramTests.debug.xcconfig */;
			buildSettings = {
				ALWAYS_EMBED_SWIFT_STANDARD_LIBRARIES = YES;
				BUNDLE_LOADER = "$(TEST_HOST)";
				CODE_SIGN_STYLE = Automatic;
				INFOPLIST_FILE = ParstagramTests/Info.plist;
				IPHONEOS_DEPLOYMENT_TARGET = 14.5;
				LD_RUNPATH_SEARCH_PATHS = (
					"$(inherited)",
					"@executable_path/Frameworks",
					"@loader_path/Frameworks",
				);
				PRODUCT_BUNDLE_IDENTIFIER = circle.ParstagramTests;
				PRODUCT_NAME = "$(TARGET_NAME)";
				SWIFT_VERSION = 5.0;
				TARGETED_DEVICE_FAMILY = "1,2";
				TEST_HOST = "$(BUILT_PRODUCTS_DIR)/Parstagram.app/Parstagram";
			};
			name = Debug;
		};
		2BD96CEF263F2CC400F4BD16 /* Release */ = {
			isa = XCBuildConfiguration;
			baseConfigurationReference = F5A866F119DD44D1A9A77530 /* Pods-ParstagramTests.release.xcconfig */;
			buildSettings = {
				ALWAYS_EMBED_SWIFT_STANDARD_LIBRARIES = YES;
				BUNDLE_LOADER = "$(TEST_HOST)";
				CODE_SIGN_STYLE = Automatic;
				INFOPLIST_FILE = ParstagramTests/Info.plist;
				IPHONEOS_DEPLOYMENT_TARGET = 14.5;
				LD_RUNPATH_SEARCH_PATHS = (
					"$(inherited)",
					"@executable_path/Frameworks",
					"@loader_path/Frameworks",
				);
				PRODUCT_BUNDLE_IDENTIFIER = circle.ParstagramTests;
				PRODUCT_NAME = "$(TARGET_NAME)";
				SWIFT_VERSION = 5.0;
				TARGETED_DEVICE_FAMILY = "1,2";
				TEST_HOST = "$(BUILT_PRODUCTS_DIR)/Parstagram.app/Parstagram";
			};
			name = Release;
		};
		2BD96CF1263F2CC400F4BD16 /* Debug */ = {
			isa = XCBuildConfiguration;
			baseConfigurationReference = 91510FD15AAF87DD2D010E04 /* Pods-Parstagram-ParstagramUITests.debug.xcconfig */;
			buildSettings = {
				ALWAYS_EMBED_SWIFT_STANDARD_LIBRARIES = YES;
				CODE_SIGN_STYLE = Automatic;
				INFOPLIST_FILE = ParstagramUITests/Info.plist;
				LD_RUNPATH_SEARCH_PATHS = (
					"$(inherited)",
					"@executable_path/Frameworks",
					"@loader_path/Frameworks",
				);
				PRODUCT_BUNDLE_IDENTIFIER = circle.ParstagramUITests;
				PRODUCT_NAME = "$(TARGET_NAME)";
				SWIFT_VERSION = 5.0;
				TARGETED_DEVICE_FAMILY = "1,2";
				TEST_TARGET_NAME = Parstagram;
			};
			name = Debug;
		};
		2BD96CF2263F2CC400F4BD16 /* Release */ = {
			isa = XCBuildConfiguration;
			baseConfigurationReference = 2FB0B80FBFB9C8FFA49D82D0 /* Pods-Parstagram-ParstagramUITests.release.xcconfig */;
			buildSettings = {
				ALWAYS_EMBED_SWIFT_STANDARD_LIBRARIES = YES;
				CODE_SIGN_STYLE = Automatic;
				INFOPLIST_FILE = ParstagramUITests/Info.plist;
				LD_RUNPATH_SEARCH_PATHS = (
					"$(inherited)",
					"@executable_path/Frameworks",
					"@loader_path/Frameworks",
				);
				PRODUCT_BUNDLE_IDENTIFIER = circle.ParstagramUITests;
				PRODUCT_NAME = "$(TARGET_NAME)";
				SWIFT_VERSION = 5.0;
				TARGETED_DEVICE_FAMILY = "1,2";
				TEST_TARGET_NAME = Parstagram;
			};
			name = Release;
		};
/* End XCBuildConfiguration section */

/* Begin XCConfigurationList section */
		2BD96CBB263F2CC200F4BD16 /* Build configuration list for PBXProject "Parstagram" */ = {
			isa = XCConfigurationList;
			buildConfigurations = (
				2BD96CE8263F2CC400F4BD16 /* Debug */,
				2BD96CE9263F2CC400F4BD16 /* Release */,
			);
			defaultConfigurationIsVisible = 0;
			defaultConfigurationName = Release;
		};
		2BD96CEA263F2CC400F4BD16 /* Build configuration list for PBXNativeTarget "Parstagram" */ = {
			isa = XCConfigurationList;
			buildConfigurations = (
				2BD96CEB263F2CC400F4BD16 /* Debug */,
				2BD96CEC263F2CC400F4BD16 /* Release */,
			);
			defaultConfigurationIsVisible = 0;
			defaultConfigurationName = Release;
		};
		2BD96CED263F2CC400F4BD16 /* Build configuration list for PBXNativeTarget "ParstagramTests" */ = {
			isa = XCConfigurationList;
			buildConfigurations = (
				2BD96CEE263F2CC400F4BD16 /* Debug */,
				2BD96CEF263F2CC400F4BD16 /* Release */,
			);
			defaultConfigurationIsVisible = 0;
			defaultConfigurationName = Release;
		};
		2BD96CF0263F2CC400F4BD16 /* Build configuration list for PBXNativeTarget "ParstagramUITests" */ = {
			isa = XCConfigurationList;
			buildConfigurations = (
				2BD96CF1263F2CC400F4BD16 /* Debug */,
				2BD96CF2263F2CC400F4BD16 /* Release */,
			);
			defaultConfigurationIsVisible = 0;
			defaultConfigurationName = Release;
		};
/* End XCConfigurationList section */
	};
	rootObject = 2BD96CB8263F2CC200F4BD16 /* Project object */;
}
